# @generated - this file is auto-generated by `mise lock` https://mise.en.dev/dev-tools/mise-lock.html

[[tools."aqua:carvel-dev/vendir"]]
version = "0.46.0"
backend = "aqua:carvel-dev/vendir"

[tools."aqua:carvel-dev/vendir"."platforms.linux-x64"]
checksum = "sha256:878f3c77cae21b9b63d0ea6c11454c0008d41652d2eb3d1844fdcf69cca6ae9e"
url = "https://github.com/carvel-dev/vendir/releases/download/v0.46.0/vendir-linux-amd64"

[tools."aqua:carvel-dev/vendir"."platforms.macos-arm64"]
checksum = "sha256:e136160aa642231c6eb1df25cbe3e57e5f3848ac0a7e7de57bbc3249fdbd800f"
url = "https://github.com/carvel-dev/vendir/releases/download/v0.46.0/vendir-darwin-arm64"

[[tools."aqua:errata-ai/vale"]]
version = "3.17.1"
backend = "aqua:errata-ai/vale"

[tools."aqua:errata-ai/vale"."platforms.linux-x64"]
checksum = "sha256:db947f89f2292e6a0381a61de155f6a5f5cb4cb460ca178ea412ef605559cefd"
url = "https://github.com/vale-cli/vale/releases/download/v3.17.1/vale_3.17.1_Linux_64-bit.tar.gz"
url_api = "https://api.github.com/repos/vale-cli/vale/releases/assets/502877340"

[tools."aqua:errata-ai/vale"."platforms.macos-arm64"]
checksum = "sha256:80cacf85ef23f53cfdd77355ec41a6ef99aec136f15dfb3517723482f35593f9"
url = "https://github.com/vale-cli/vale/releases/download/v3.17.1/vale_3.17.1_macOS_arm64.tar.gz"
url_api = "https://api.github.com/repos/vale-cli/vale/releases/assets/502877337"

[[tools.node]]
version = "24.19.0"
backend = "core:node"

[tools.node."platforms.linux-x64"]
checksum = "sha256:f625d97cd707df4ff96254916fbc5ff014f09c09effe5a1e0ca8f6d41a8789d4"
url = "https://nodejs.org/dist/v24.19.0/node-v24.19.0-linux-x64.tar.gz"

[tools.node."platforms.macos-arm64"]
checksum = "sha256:8294b7aa9b03997481c06babf1e8b270c859358f27da57a11509afe537ac381d"
url = "https://nodejs.org/dist/v24.19.0/node-v24.19.0-darwin-arm64.tar.gz"

[[tools."npm:markdownlint-cli2"]]
version = "0.23.2"
backend = "npm:markdownlint-cli2"

[[tools."npm:prettier"]]
version = "3.9.6"
backend = "npm:prettier"

[[tools.prek]]
version = "0.4.12"
backend = "aqua:j178/prek"

[tools.prek."platforms.linux-x64"]
checksum = "sha256:3321ec6e4d873fbf41bef55d11b3f269fa91cbb87b19f18211df7c1bd061ac8a"
url = "https://github.com/j178/prek/releases/download/v0.4.12/prek-x86_64-unknown-linux-musl.tar.gz"
provenance = "github-attestations"

[tools.prek."platforms.macos-arm64"]
checksum = "sha256:cef66b9641a1c9ac61518edb13c2a7b440f3f1748e4bd60f2514a82bc1f2bd30"
url = "https://github.com/j178/prek/releases/download/v0.4.12/prek-aarch64-apple-darwin.tar.gz"
provenance = "github-attestations"
