# @generated - this file is auto-generated by `mise lock` https://mise.en.dev/dev-tools/mise-lock.html

[[tools."aqua:errata-ai/vale"]]
version = "3.17.0"
backend = "aqua:errata-ai/vale"

[tools."aqua:errata-ai/vale"."platforms.linux-x64"]
checksum = "sha256:a903f1f60c3293fac643e0137f599a462881cc691ee19d6120dcfc786f1be86d"
url = "https://github.com/vale-cli/vale/releases/download/v3.17.0/vale_3.17.0_Linux_64-bit.tar.gz"

[tools."aqua:errata-ai/vale"."platforms.macos-arm64"]
checksum = "sha256:43c3707c17c92c8daf9afff0febf85db803b4a403f3b3ceb66a6e82d39fe5b52"
url = "https://github.com/vale-cli/vale/releases/download/v3.17.0/vale_3.17.0_macOS_arm64.tar.gz"

[[tools.node]]
version = "24.19.0"
backend = "core:node"

[tools.node."platforms.linux-x64"]
checksum = "sha256:f625d97cd707df4ff96254916fbc5ff014f09c09effe5a1e0ca8f6d41a8789d4"
url = "https://nodejs.org/dist/v24.19.0/node-v24.19.0-linux-x64.tar.gz"

[tools.node."platforms.macos-arm64"]
checksum = "sha256:8294b7aa9b03997481c06babf1e8b270c859358f27da57a11509afe537ac381d"
url = "https://nodejs.org/dist/v24.19.0/node-v24.19.0-darwin-arm64.tar.gz"

[[tools."npm:markdownlint-cli2"]]
version = "0.23.2"
backend = "npm:markdownlint-cli2"

[[tools."npm:prettier"]]
version = "3.9.6"
backend = "npm:prettier"

[[tools.prek]]
version = "0.4.12"
backend = "aqua:j178/prek"

[tools.prek."platforms.linux-x64"]
checksum = "sha256:3321ec6e4d873fbf41bef55d11b3f269fa91cbb87b19f18211df7c1bd061ac8a"
url = "https://github.com/j178/prek/releases/download/v0.4.12/prek-x86_64-unknown-linux-musl.tar.gz"
provenance = "github-attestations"

[tools.prek."platforms.macos-arm64"]
checksum = "sha256:cef66b9641a1c9ac61518edb13c2a7b440f3f1748e4bd60f2514a82bc1f2bd30"
url = "https://github.com/j178/prek/releases/download/v0.4.12/prek-aarch64-apple-darwin.tar.gz"
provenance = "github-attestations"
