apiVersion: vendir.k14s.io/v1alpha1
directories:
  - contents:
      - git:
          commitTitle: updates
          sha: cdba491f1f9c952979af37f15e4c3efb26f625df
        path: .
    path: other/skills/bro
  - contents:
      - git:
          commitTitle: "Merge pull request #788 from mattpocock/grill-me-align..."
          sha: 84fdeffd12f2ee307994d1eb6feb48173b6e0502
          tags:
            - v1.2.3-2-g84fdeff
        path: .
    path: ai/skills/writing-for-agents
kind: LockConfig
